
Microsoft Visual Studio Solution File, Format Version 12.00
# Visual Studio Version 17
VisualStudioVersion = 17.3.32825.248
MinimumVisualStudioVersion = 10.0.40219.1
Project("{FAE04EC0-301F-11D3-BF4B-00C04F79EFBC}") = "LangDemo6", "LangDemo6\LangDemo6.csproj", "{51C22644-14C7-4676-8939-50FFA8E76054}"
EndProject
Global
	GlobalSection(SolutionConfigurationPlatforms) = preSolution
		Debug|Any CPU = Debug|Any CPU
		Release|Any CPU = Release|Any CPU
	EndGlobalSection
	GlobalSection(ProjectConfigurationPlatforms) = postSolution
		{51C22644-14C7-4676-8939-50FFA8E76054}.Debug|Any CPU.ActiveCfg = Debug|Any CPU
		{51C22644-14C7-4676-8939-50FFA8E76054}.Debug|Any CPU.Build.0 = Debug|Any CPU
		{51C22644-14C7-4676-8939-50FFA8E76054}.Release|Any CPU.ActiveCfg = Release|Any CPU
		{51C22644-14C7-4676-8939-50FFA8E76054}.Release|Any CPU.Build.0 = Release|Any CPU
	EndGlobalSection
	GlobalSection(SolutionProperties) = preSolution
		HideSolutionNode = FALSE
	EndGlobalSection
	GlobalSection(ExtensibilityGlobals) = postSolution
		SolutionGuid = {E1F9DA84-C686-4DDE-A8A5-63BA0BD55009}
	EndGlobalSection
EndGlobal
