
Microsoft Visual Studio Solution File, Format Version 12.00
# Visual Studio Version 17
VisualStudioVersion = 17.3.32825.248
MinimumVisualStudioVersion = 10.0.40219.1
Project("{FAE04EC0-301F-11D3-BF4B-00C04F79EFBC}") = "ApiDemo", "ApiDemo\ApiDemo.csproj", "{F8C01A4F-6865-446B-9513-C2225A9CE209}"
EndProject
Global
	GlobalSection(SolutionConfigurationPlatforms) = preSolution
		Debug|Any CPU = Debug|Any CPU
		Release|Any CPU = Release|Any CPU
	EndGlobalSection
	GlobalSection(ProjectConfigurationPlatforms) = postSolution
		{F8C01A4F-6865-446B-9513-C2225A9CE209}.Debug|Any CPU.ActiveCfg = Debug|Any CPU
		{F8C01A4F-6865-446B-9513-C2225A9CE209}.Debug|Any CPU.Build.0 = Debug|Any CPU
		{F8C01A4F-6865-446B-9513-C2225A9CE209}.Release|Any CPU.ActiveCfg = Release|Any CPU
		{F8C01A4F-6865-446B-9513-C2225A9CE209}.Release|Any CPU.Build.0 = Release|Any CPU
	EndGlobalSection
	GlobalSection(SolutionProperties) = preSolution
		HideSolutionNode = FALSE
	EndGlobalSection
	GlobalSection(ExtensibilityGlobals) = postSolution
		SolutionGuid = {7A937C3D-C50F-4BEA-BCD7-5D18D08C0084}
	EndGlobalSection
EndGlobal
